// !$*UTF8*$!
{
	archiveVersion = 1;
	classes = {
	};
	objectVersion = 50;
	objects = {

/* Begin PBXBuildFile section */
		A31405992093B49B0065D55F /* AppDelegate.swift in Sources */ = {isa = PBXBuildFile; fileRef = A31405982093B49B0065D55F /* AppDelegate.swift */; };
		A314059B2093B49B0065D55F /* HomeViewController.swift in Sources */ = {isa = PBXBuildFile; fileRef = A314059A2093B49B0065D55F /* HomeViewController.swift */; };
		A314059E2093B49B0065D55F /* Main.storyboard in Resources */ = {isa = PBXBuildFile; fileRef = A314059C2093B49B0065D55F /* Main.storyboard */; };
		A31405A02093B49D0065D55F /* Assets.xcassets in Resources */ = {isa = PBXBuildFile; fileRef = A314059F2093B49D0065D55F /* Assets.xcassets */; };
		A31405A32093B49D0065D55F /* LaunchScreen.storyboard in Resources */ = {isa = PBXBuildFile; fileRef = A31405A12093B49D0065D55F /* LaunchScreen.storyboard */; };
		A31405AF2093B8DD0065D55F /* Pacifico-Regular.ttf in Resources */ = {isa = PBXBuildFile; fileRef = A31405AE2093B8CD0065D55F /* Pacifico-Regular.ttf */; };
		A31405B12093B9AC0065D55F /* UIFont+extensions.swift in Sources */ = {isa = PBXBuildFile; fileRef = A31405B02093B9AC0065D55F /* UIFont+extensions.swift */; };
		A31405B42093D98C0065D55F /* ChooseFromClosetViewController.swift in Sources */ = {isa = PBXBuildFile; fileRef = A31405B32093D98C0065D55F /* ChooseFromClosetViewController.swift */; };
		A31405B62093FB390065D55F /* UIView+extensions.swift in Sources */ = {isa = PBXBuildFile; fileRef = A31405B52093FB390065D55F /* UIView+extensions.swift */; };
		A3E398D72097DF650006C0E0 /* ChooseEventViewController.swift in Sources */ = {isa = PBXBuildFile; fileRef = A3E398D62097DF650006C0E0 /* ChooseEventViewController.swift */; };
		A3E398D92097E2B60006C0E0 /* OutfitPageViewController.swift in Sources */ = {isa = PBXBuildFile; fileRef = A3E398D82097E2B60006C0E0 /* OutfitPageViewController.swift */; };
		A3E398DB2097E71D0006C0E0 /* OutfitViewController.swift in Sources */ = {isa = PBXBuildFile; fileRef = A3E398DA2097E71D0006C0E0 /* OutfitViewController.swift */; };
/* End PBXBuildFile section */

/* Begin PBXFileReference section */
		A31405952093B49B0065D55F /* Lively.app */ = {isa = PBXFileReference; explicitFileType = wrapper.application; includeInIndex = 0; path = Lively.app; sourceTree = BUILT_PRODUCTS_DIR; };
		A31405982093B49B0065D55F /* AppDelegate.swift */ = {isa = PBXFileReference; lastKnownFileType = sourcecode.swift; path = AppDelegate.swift; sourceTree = "<group>"; };
		A314059A2093B49B0065D55F /* HomeViewController.swift */ = {isa = PBXFileReference; lastKnownFileType = sourcecode.swift; path = HomeViewController.swift; sourceTree = "<group>"; };
		A314059D2093B49B0065D55F /* Base */ = {isa = PBXFileReference; lastKnownFileType = file.storyboard; name = Base; path = Base.lproj/Main.storyboard; sourceTree = "<group>"; };
		A314059F2093B49D0065D55F /* Assets.xcassets */ = {isa = PBXFileReference; lastKnownFileType = folder.assetcatalog; path = Assets.xcassets; sourceTree = "<group>"; };
		A31405A22093B49D0065D55F /* Base */ = {isa = PBXFileReference; lastKnownFileType = file.storyboard; name = Base; path = Base.lproj/LaunchScreen.storyboard; sourceTree = "<group>"; };
		A31405A42093B49D0065D55F /* Info.plist */ = {isa = PBXFileReference; lastKnownFileType = text.plist.xml; path = Info.plist; sourceTree = "<group>"; };
		A31405AE2093B8CD0065D55F /* Pacifico-Regular.ttf */ = {isa = PBXFileReference; lastKnownFileType = file; path = "Pacifico-Regular.ttf"; sourceTree = "<group>"; };
		A31405B02093B9AC0065D55F /* UIFont+extensions.swift */ = {isa = PBXFileReference; lastKnownFileType = sourcecode.swift; path = "UIFont+extensions.swift"; sourceTree = "<group>"; };
		A31405B32093D98C0065D55F /* ChooseFromClosetViewController.swift */ = {isa = PBXFileReference; lastKnownFileType = sourcecode.swift; path = ChooseFromClosetViewController.swift; sourceTree = "<group>"; };
		A31405B52093FB390065D55F /* UIView+extensions.swift */ = {isa = PBXFileReference; lastKnownFileType = sourcecode.swift; path = "UIView+extensions.swift"; sourceTree = "<group>"; };
		A3E398D62097DF650006C0E0 /* ChooseEventViewController.swift */ = {isa = PBXFileReference; lastKnownFileType = sourcecode.swift; path = ChooseEventViewController.swift; sourceTree = "<group>"; };
		A3E398D82097E2B60006C0E0 /* OutfitPageViewController.swift */ = {isa = PBXFileReference; lastKnownFileType = sourcecode.swift; path = OutfitPageViewController.swift; sourceTree = "<group>"; };
		A3E398DA2097E71D0006C0E0 /* OutfitViewController.swift */ = {isa = PBXFileReference; lastKnownFileType = sourcecode.swift; path = OutfitViewController.swift; sourceTree = "<group>"; };
/* End PBXFileReference section */

/* Begin PBXFrameworksBuildPhase section */
		A31405922093B49B0065D55F /* Frameworks */ = {
			isa = PBXFrameworksBuildPhase;
			buildActionMask = 2147483647;
			files = (
			);
			runOnlyForDeploymentPostprocessing = 0;
		};
/* End PBXFrameworksBuildPhase section */

/* Begin PBXGroup section */
		A314058C2093B49B0065D55F = {
			isa = PBXGroup;
			children = (
				A31405972093B49B0065D55F /* Lively */,
				A31405962093B49B0065D55F /* Products */,
			);
			sourceTree = "<group>";
		};
		A31405962093B49B0065D55F /* Products */ = {
			isa = PBXGroup;
			children = (
				A31405952093B49B0065D55F /* Lively.app */,
			);
			name = Products;
			sourceTree = "<group>";
		};
		A31405972093B49B0065D55F /* Lively */ = {
			isa = PBXGroup;
			children = (
				A31405982093B49B0065D55F /* AppDelegate.swift */,
				A31405B22093B9B20065D55F /* Extensions */,
				A31405AB2093B8990065D55F /* View Controllers */,
				A31405AA2093B6E70065D55F /* Storyboards */,
				A31405AC2093B8B60065D55F /* Assets */,
				A31405A42093B49D0065D55F /* Info.plist */,
			);
			path = Lively;
			sourceTree = "<group>";
		};
		A31405AA2093B6E70065D55F /* Storyboards */ = {
			isa = PBXGroup;
			children = (
				A314059C2093B49B0065D55F /* Main.storyboard */,
				A31405A12093B49D0065D55F /* LaunchScreen.storyboard */,
			);
			path = Storyboards;
			sourceTree = "<group>";
		};
		A31405AB2093B8990065D55F /* View Controllers */ = {
			isa = PBXGroup;
			children = (
				A314059A2093B49B0065D55F /* HomeViewController.swift */,
				A3E398D62097DF650006C0E0 /* ChooseEventViewController.swift */,
				A31405B32093D98C0065D55F /* ChooseFromClosetViewController.swift */,
				A3E398D82097E2B60006C0E0 /* OutfitPageViewController.swift */,
				A3E398DA2097E71D0006C0E0 /* OutfitViewController.swift */,
			);
			path = "View Controllers";
			sourceTree = "<group>";
		};
		A31405AC2093B8B60065D55F /* Assets */ = {
			isa = PBXGroup;
			children = (
				A314059F2093B49D0065D55F /* Assets.xcassets */,
				A31405AD2093B8BE0065D55F /* Fonts */,
			);
			path = Assets;
			sourceTree = "<group>";
		};
		A31405AD2093B8BE0065D55F /* Fonts */ = {
			isa = PBXGroup;
			children = (
				A31405AE2093B8CD0065D55F /* Pacifico-Regular.ttf */,
			);
			path = Fonts;
			sourceTree = "<group>";
		};
		A31405B22093B9B20065D55F /* Extensions */ = {
			isa = PBXGroup;
			children = (
				A31405B02093B9AC0065D55F /* UIFont+extensions.swift */,
				A31405B52093FB390065D55F /* UIView+extensions.swift */,
			);
			path = Extensions;
			sourceTree = "<group>";
		};
/* End PBXGroup section */

/* Begin PBXNativeTarget section */
		A31405942093B49B0065D55F /* Lively */ = {
			isa = PBXNativeTarget;
			buildConfigurationList = A31405A72093B49D0065D55F /* Build configuration list for PBXNativeTarget "Lively" */;
			buildPhases = (
				A31405912093B49B0065D55F /* Sources */,
				A31405922093B49B0065D55F /* Frameworks */,
				A31405932093B49B0065D55F /* Resources */,
			);
			buildRules = (
			);
			dependencies = (
			);
			name = Lively;
			productName = Lively;
			productReference = A31405952093B49B0065D55F /* Lively.app */;
			productType = "com.apple.product-type.application";
		};
/* End PBXNativeTarget section */

/* Begin PBXProject section */
		A314058D2093B49B0065D55F /* Project object */ = {
			isa = PBXProject;
			attributes = {
				LastSwiftUpdateCheck = 0930;
				LastUpgradeCheck = 0930;
				ORGANIZATIONNAME = "Fuyuzhen Peng";
				TargetAttributes = {
					A31405942093B49B0065D55F = {
						CreatedOnToolsVersion = 9.3;
					};
				};
			};
			buildConfigurationList = A31405902093B49B0065D55F /* Build configuration list for PBXProject "Lively" */;
			compatibilityVersion = "Xcode 9.3";
			developmentRegion = en;
			hasScannedForEncodings = 0;
			knownRegions = (
				en,
				Base,
			);
			mainGroup = A314058C2093B49B0065D55F;
			productRefGroup = A31405962093B49B0065D55F /* Products */;
			projectDirPath = "";
			projectRoot = "";
			targets = (
				A31405942093B49B0065D55F /* Lively */,
			);
		};
/* End PBXProject section */

/* Begin PBXResourcesBuildPhase section */
		A31405932093B49B0065D55F /* Resources */ = {
			isa = PBXResourcesBuildPhase;
			buildActionMask = 2147483647;
			files = (
				A31405A32093B49D0065D55F /* LaunchScreen.storyboard in Resources */,
				A31405AF2093B8DD0065D55F /* Pacifico-Regular.ttf in Resources */,
				A31405A02093B49D0065D55F /* Assets.xcassets in Resources */,
				A314059E2093B49B0065D55F /* Main.storyboard in Resources */,
			);
			runOnlyForDeploymentPostprocessing = 0;
		};
/* End PBXResourcesBuildPhase section */

/* Begin PBXSourcesBuildPhase section */
		A31405912093B49B0065D55F /* Sources */ = {
			isa = PBXSourcesBuildPhase;
			buildActionMask = 2147483647;
			files = (
				A314059B2093B49B0065D55F /* HomeViewController.swift in Sources */,
				A3E398D92097E2B60006C0E0 /* OutfitPageViewController.swift in Sources */,
				A31405B62093FB390065D55F /* UIView+extensions.swift in Sources */,
				A3E398D72097DF650006C0E0 /* ChooseEventViewController.swift in Sources */,
				A31405B42093D98C0065D55F /* ChooseFromClosetViewController.swift in Sources */,
				A31405B12093B9AC0065D55F /* UIFont+extensions.swift in Sources */,
				A31405992093B49B0065D55F /* AppDelegate.swift in Sources */,
				A3E398DB2097E71D0006C0E0 /* OutfitViewController.swift in Sources */,
			);
			runOnlyForDeploymentPostprocessing = 0;
		};
/* End PBXSourcesBuildPhase section */

/* Begin PBXVariantGroup section */
		A314059C2093B49B0065D55F /* Main.storyboard */ = {
			isa = PBXVariantGroup;
			children = (
				A314059D2093B49B0065D55F /* Base */,
			);
			name = Main.storyboard;
			sourceTree = "<group>";
		};
		A31405A12093B49D0065D55F /* LaunchScreen.storyboard */ = {
			isa = PBXVariantGroup;
			children = (
				A31405A22093B49D0065D55F /* Base */,
			);
			name = LaunchScreen.storyboard;
			sourceTree = "<group>";
		};
/* End PBXVariantGroup section */

/* Begin XCBuildConfiguration section */
		A31405A52093B49D0065D55F /* Debug */ = {
			isa = XCBuildConfiguration;
			buildSettings = {
				ALWAYS_SEARCH_USER_PATHS = NO;
				CLANG_ANALYZER_NONNULL = YES;
				CLANG_ANALYZER_NUMBER_OBJECT_CONVERSION = YES_AGGRESSIVE;
				CLANG_CXX_LANGUAGE_STANDARD = "gnu++14";
				CLANG_CXX_LIBRARY = "libc++";
				CLANG_ENABLE_MODULES = YES;
				CLANG_ENABLE_OBJC_ARC = YES;
				CLANG_ENABLE_OBJC_WEAK = YES;
				CLANG_WARN_BLOCK_CAPTURE_AUTORELEASING = YES;
				CLANG_WARN_BOOL_CONVERSION = YES;
				CLANG_WARN_COMMA = YES;
				CLANG_WARN_CONSTANT_CONVERSION = YES;
				CLANG_WARN_DEPRECATED_OBJC_IMPLEMENTATIONS = YES;
				CLANG_WARN_DIRECT_OBJC_ISA_USAGE = YES_ERROR;
				CLANG_WARN_DOCUMENTATION_COMMENTS = YES;
				CLANG_WARN_EMPTY_BODY = YES;
				CLANG_WARN_ENUM_CONVERSION = YES;
				CLANG_WARN_INFINITE_RECURSION = YES;
				CLANG_WARN_INT_CONVERSION = YES;
				CLANG_WARN_NON_LITERAL_NULL_CONVERSION = YES;
				CLANG_WARN_OBJC_IMPLICIT_RETAIN_SELF = YES;
				CLANG_WARN_OBJC_LITERAL_CONVERSION = YES;
				CLANG_WARN_OBJC_ROOT_CLASS = YES_ERROR;
				CLANG_WARN_RANGE_LOOP_ANALYSIS = YES;
				CLANG_WARN_STRICT_PROTOTYPES = YES;
				CLANG_WARN_SUSPICIOUS_MOVE = YES;
				CLANG_WARN_UNGUARDED_AVAILABILITY = YES_AGGRESSIVE;
				CLANG_WARN_UNREACHABLE_CODE = YES;
				CLANG_WARN__DUPLICATE_METHOD_MATCH = YES;
				CODE_SIGN_IDENTITY = "iPhone Developer";
				COPY_PHASE_STRIP = NO;
				DEBUG_INFORMATION_FORMAT = dwarf;
				ENABLE_STRICT_OBJC_MSGSEND = YES;
				ENABLE_TESTABILITY = YES;
				GCC_C_LANGUAGE_STANDARD = gnu11;
				GCC_DYNAMIC_NO_PIC = NO;
				GCC_NO_COMMON_BLOCKS = YES;
				GCC_OPTIMIZATION_LEVEL = 0;
				GCC_PREPROCESSOR_DEFINITIONS = (
					"DEBUG=1",
					"$(inherited)",
				);
				GCC_WARN_64_TO_32_BIT_CONVERSION = YES;
				GCC_WARN_ABOUT_RETURN_TYPE = YES_ERROR;
				GCC_WARN_UNDECLARED_SELECTOR = YES;
				GCC_WARN_UNINITIALIZED_AUTOS = YES_AGGRESSIVE;
				GCC_WARN_UNUSED_FUNCTION = YES;
				GCC_WARN_UNUSED_VARIABLE = YES;
				IPHONEOS_DEPLOYMENT_TARGET = 11.3;
				MTL_ENABLE_DEBUG_INFO = YES;
				ONLY_ACTIVE_ARCH = YES;
				SDKROOT = iphoneos;
				SWIFT_ACTIVE_COMPILATION_CONDITIONS = DEBUG;
				SWIFT_OPTIMIZATION_LEVEL = "-Onone";
			};
			name = Debug;
		};
		A31405A62093B49D0065D55F /* Release */ = {
			isa = XCBuildConfiguration;
			buildSettings = {
				ALWAYS_SEARCH_USER_PATHS = NO;
				CLANG_ANALYZER_NONNULL = YES;
				CLANG_ANALYZER_NUMBER_OBJECT_CONVERSION = YES_AGGRESSIVE;
				CLANG_CXX_LANGUAGE_STANDARD = "gnu++14";
				CLANG_CXX_LIBRARY = "libc++";
				CLANG_ENABLE_MODULES = YES;
				CLANG_ENABLE_OBJC_ARC = YES;
				CLANG_ENABLE_OBJC_WEAK = YES;
				CLANG_WARN_BLOCK_CAPTURE_AUTORELEASING = YES;
				CLANG_WARN_BOOL_CONVERSION = YES;
				CLANG_WARN_COMMA = YES;
				CLANG_WARN_CONSTANT_CONVERSION = YES;
				CLANG_WARN_DEPRECATED_OBJC_IMPLEMENTATIONS = YES;
				CLANG_WARN_DIRECT_OBJC_ISA_USAGE = YES_ERROR;
				CLANG_WARN_DOCUMENTATION_COMMENTS = YES;
				CLANG_WARN_EMPTY_BODY = YES;
				CLANG_WARN_ENUM_CONVERSION = YES;
				CLANG_WARN_INFINITE_RECURSION = YES;
				CLANG_WARN_INT_CONVERSION = YES;
				CLANG_WARN_NON_LITERAL_NULL_CONVERSION = YES;
				CLANG_WARN_OBJC_IMPLICIT_RETAIN_SELF = YES;
				CLANG_WARN_OBJC_LITERAL_CONVERSION = YES;
				CLANG_WARN_OBJC_ROOT_CLASS = YES_ERROR;
				CLANG_WARN_RANGE_LOOP_ANALYSIS = YES;
				CLANG_WARN_STRICT_PROTOTYPES = YES;
				CLANG_WARN_SUSPICIOUS_MOVE = YES;
				CLANG_WARN_UNGUARDED_AVAILABILITY = YES_AGGRESSIVE;
				CLANG_WARN_UNREACHABLE_CODE = YES;
				CLANG_WARN__DUPLICATE_METHOD_MATCH = YES;
				CODE_SIGN_IDENTITY = "iPhone Developer";
				COPY_PHASE_STRIP = NO;
				DEBUG_INFORMATION_FORMAT = "dwarf-with-dsym";
				ENABLE_NS_ASSERTIONS = NO;
				ENABLE_STRICT_OBJC_MSGSEND = YES;
				GCC_C_LANGUAGE_STANDARD = gnu11;
				GCC_NO_COMMON_BLOCKS = YES;
				GCC_WARN_64_TO_32_BIT_CONVERSION = YES;
				GCC_WARN_ABOUT_RETURN_TYPE = YES_ERROR;
				GCC_WARN_UNDECLARED_SELECTOR = YES;
				GCC_WARN_UNINITIALIZED_AUTOS = YES_AGGRESSIVE;
				GCC_WARN_UNUSED_FUNCTION = YES;
				GCC_WARN_UNUSED_VARIABLE = YES;
				IPHONEOS_DEPLOYMENT_TARGET = 11.3;
				MTL_ENABLE_DEBUG_INFO = NO;
				SDKROOT = iphoneos;
				SWIFT_COMPILATION_MODE = wholemodule;
				SWIFT_OPTIMIZATION_LEVEL = "-O";
				VALIDATE_PRODUCT = YES;
			};
			name = Release;
		};
		A31405A82093B49D0065D55F /* Debug */ = {
			isa = XCBuildConfiguration;
			buildSettings = {
				ASSETCATALOG_COMPILER_APPICON_NAME = AppIcon;
				CODE_SIGN_STYLE = Automatic;
				DEVELOPMENT_TEAM = DK8WUZ9SMM;
				INFOPLIST_FILE = Lively/Info.plist;
				LD_RUNPATH_SEARCH_PATHS = (
					"$(inherited)",
					"@executable_path/Frameworks",
				);
				PRODUCT_BUNDLE_IDENTIFIER = "Fuyuzhen-Peng.Lively";
				PRODUCT_NAME = "$(TARGET_NAME)";
				SWIFT_VERSION = 4.0;
				TARGETED_DEVICE_FAMILY = 1;
			};
			name = Debug;
		};
		A31405A92093B49D0065D55F /* Release */ = {
			isa = XCBuildConfiguration;
			buildSettings = {
				ASSETCATALOG_COMPILER_APPICON_NAME = AppIcon;
				CODE_SIGN_STYLE = Automatic;
				DEVELOPMENT_TEAM = DK8WUZ9SMM;
				INFOPLIST_FILE = Lively/Info.plist;
				LD_RUNPATH_SEARCH_PATHS = (
					"$(inherited)",
					"@executable_path/Frameworks",
				);
				PRODUCT_BUNDLE_IDENTIFIER = "Fuyuzhen-Peng.Lively";
				PRODUCT_NAME = "$(TARGET_NAME)";
				SWIFT_VERSION = 4.0;
				TARGETED_DEVICE_FAMILY = 1;
			};
			name = Release;
		};
/* End XCBuildConfiguration section */

/* Begin XCConfigurationList section */
		A31405902093B49B0065D55F /* Build configuration list for PBXProject "Lively" */ = {
			isa = XCConfigurationList;
			buildConfigurations = (
				A31405A52093B49D0065D55F /* Debug */,
				A31405A62093B49D0065D55F /* Release */,
			);
			defaultConfigurationIsVisible = 0;
			defaultConfigurationName = Release;
		};
		A31405A72093B49D0065D55F /* Build configuration list for PBXNativeTarget "Lively" */ = {
			isa = XCConfigurationList;
			buildConfigurations = (
				A31405A82093B49D0065D55F /* Debug */,
				A31405A92093B49D0065D55F /* Release */,
			);
			defaultConfigurationIsVisible = 0;
			defaultConfigurationName = Release;
		};
/* End XCConfigurationList section */
	};
	rootObject = A314058D2093B49B0065D55F /* Project object */;
}
